
Microsoft Visual Studio Solution File, Format Version 11.00
# Visual Studio 2010
Project("{FAE04EC0-301F-11D3-BF4B-00C04F79EFBC}") = "UnityMol", "Assembly-CSharp.csproj", "{49D18BCE-2F8B-4DB5-5F52-17AEF5B58BD9}"
EndProject
Project("{FAE04EC0-301F-11D3-BF4B-00C04F79EFBC}") = "UnityMol", "Assembly-CSharp-firstpass.csproj", "{1257E325-007D-2A3A-523A-288CBC1553DE}"
EndProject
Project("{FAE04EC0-301F-11D3-BF4B-00C04F79EFBC}") = "UnityMol", "Assembly-CSharp-Editor.csproj", "{A0956AB2-DA18-6202-2979-FF47A84DDA40}"
EndProject
Global
	GlobalSection(SolutionConfigurationPlatforms) = preSolution
		Debug|Any CPU = Debug|Any CPU
		Release|Any CPU = Release|Any CPU
	EndGlobalSection
	GlobalSection(ProjectConfigurationPlatforms) = postSolution
		{49D18BCE-2F8B-4DB5-5F52-17AEF5B58BD9}.Debug|Any CPU.ActiveCfg = Debug|Any CPU
		{49D18BCE-2F8B-4DB5-5F52-17AEF5B58BD9}.Debug|Any CPU.Build.0 = Debug|Any CPU
		{49D18BCE-2F8B-4DB5-5F52-17AEF5B58BD9}.Release|Any CPU.ActiveCfg = Release|Any CPU
		{49D18BCE-2F8B-4DB5-5F52-17AEF5B58BD9}.Release|Any CPU.Build.0 = Release|Any CPU
		{1257E325-007D-2A3A-523A-288CBC1553DE}.Debug|Any CPU.ActiveCfg = Debug|Any CPU
		{1257E325-007D-2A3A-523A-288CBC1553DE}.Debug|Any CPU.Build.0 = Debug|Any CPU
		{1257E325-007D-2A3A-523A-288CBC1553DE}.Release|Any CPU.ActiveCfg = Release|Any CPU
		{1257E325-007D-2A3A-523A-288CBC1553DE}.Release|Any CPU.Build.0 = Release|Any CPU
		{A0956AB2-DA18-6202-2979-FF47A84DDA40}.Debug|Any CPU.ActiveCfg = Debug|Any CPU
		{A0956AB2-DA18-6202-2979-FF47A84DDA40}.Debug|Any CPU.Build.0 = Debug|Any CPU
		{A0956AB2-DA18-6202-2979-FF47A84DDA40}.Release|Any CPU.ActiveCfg = Release|Any CPU
		{A0956AB2-DA18-6202-2979-FF47A84DDA40}.Release|Any CPU.Build.0 = Release|Any CPU
	EndGlobalSection
	GlobalSection(SolutionProperties) = preSolution
		HideSolutionNode = FALSE
	EndGlobalSection
	GlobalSection(MonoDevelopProperties) = preSolution
		StartupItem = Assembly-CSharp.csproj
	EndGlobalSection
EndGlobal
